DEPENDENCIES
  duosecurity
    path: .
    metadata: true

GRAPH
  7-zip (1.0.2)
    windows (>= 1.2.2)
  ark (0.9.0)
    7-zip (>= 0.0.0)
    windows (>= 0.0.0)
  chef_handler (1.1.6)
  duosecurity (1.2.0)
    ark (>= 0.0.0)
    pam (>= 0.0.0)
    sshd (>= 0.0.0)
  pam (1.0.1)
  sshd (1.1.3)
  windows (1.36.6)
    chef_handler (>= 0.0.0)
