DEPENDENCIES
  duosecurity
    path: .
    metadata: true

GRAPH
  ark (4.0.0)
    build-essential (>= 0.0.0)
    seven_zip (>= 0.0.0)
  build-essential (8.2.1)
    mingw (>= 1.1)
    seven_zip (>= 0.0.0)
  duosecurity (2.0.0)
    ark (>= 0.0.0)
    pam (>= 0.0.0)
    sshd (>= 0.0.0)
  mingw (2.1.0)
    seven_zip (>= 0.0.0)
  pam (1.1.0)
  seven_zip (3.1.0)
    windows (>= 0.0.0)
  sshd (2.0.0)
  windows (5.3.0)
